
Microsoft Visual Studio Solution File, Format Version 12.00
# Visual Studio Version 17
VisualStudioVersion = 17.8.34525.116
MinimumVisualStudioVersion = 10.0.40219.1
Project("{FAE04EC0-301F-11D3-BF4B-00C04F79EFBC}") = "TheMonarchs", "TheMonarchs\TheMonarchs.csproj", "{4A98AF87-FF97-4026-B9ED-D87F2574E906}"
EndProject
Global
	GlobalSection(SolutionConfigurationPlatforms) = preSolution
		Debug|Any CPU = Debug|Any CPU
		Release|Any CPU = Release|Any CPU
	EndGlobalSection
	GlobalSection(ProjectConfigurationPlatforms) = postSolution
		{4A98AF87-FF97-4026-B9ED-D87F2574E906}.Debug|Any CPU.ActiveCfg = Debug|Any CPU
		{4A98AF87-FF97-4026-B9ED-D87F2574E906}.Debug|Any CPU.Build.0 = Debug|Any CPU
		{4A98AF87-FF97-4026-B9ED-D87F2574E906}.Release|Any CPU.ActiveCfg = Release|Any CPU
		{4A98AF87-FF97-4026-B9ED-D87F2574E906}.Release|Any CPU.Build.0 = Release|Any CPU
	EndGlobalSection
	GlobalSection(SolutionProperties) = preSolution
		HideSolutionNode = FALSE
	EndGlobalSection
	GlobalSection(ExtensibilityGlobals) = postSolution
		SolutionGuid = {357CC470-6705-4E84-960F-084551688623}
	EndGlobalSection
EndGlobal
